
Microsoft Visual Studio Solution File, Format Version 12.00
# Visual Studio Version 17
VisualStudioVersion = 17.4.33205.214
MinimumVisualStudioVersion = 10.0.40219.1
Project("{FAE04EC0-301F-11D3-BF4B-00C04F79EFBC}") = "Application", "Application\Application.csproj", "{8B19F363-897E-41D8-BCCA-3B4EE9E61ADE}"
EndProject
Project("{FAE04EC0-301F-11D3-BF4B-00C04F79EFBC}") = "Data", "Data\Data.csproj", "{8490C926-DD79-435D-A74F-B8F16595899C}"
EndProject
Project("{FAE04EC0-301F-11D3-BF4B-00C04F79EFBC}") = "Domain", "Domain\Domain.csproj", "{6B76413E-F692-4467-8A42-F786854B87E5}"
EndProject
Project("{FAE04EC0-301F-11D3-BF4B-00C04F79EFBC}") = "Infra", "Infra\Infra.csproj", "{4F71479C-C3A3-4C6F-9467-B9F90A01ED8C}"
EndProject
Project("{FAE04EC0-301F-11D3-BF4B-00C04F79EFBC}") = "Worker", "Worker\Worker.csproj", "{F234F11E-7172-42C8-9B34-57442DB2C1D2}"
EndProject
Global
	GlobalSection(SolutionConfigurationPlatforms) = preSolution
		Debug|Any CPU = Debug|Any CPU
		Release|Any CPU = Release|Any CPU
	EndGlobalSection
	GlobalSection(ProjectConfigurationPlatforms) = postSolution
		{8B19F363-897E-41D8-BCCA-3B4EE9E61ADE}.Debug|Any CPU.ActiveCfg = Debug|Any CPU
		{8B19F363-897E-41D8-BCCA-3B4EE9E61ADE}.Debug|Any CPU.Build.0 = Debug|Any CPU
		{8B19F363-897E-41D8-BCCA-3B4EE9E61ADE}.Release|Any CPU.ActiveCfg = Release|Any CPU
		{8B19F363-897E-41D8-BCCA-3B4EE9E61ADE}.Release|Any CPU.Build.0 = Release|Any CPU
		{8490C926-DD79-435D-A74F-B8F16595899C}.Debug|Any CPU.ActiveCfg = Debug|Any CPU
		{8490C926-DD79-435D-A74F-B8F16595899C}.Debug|Any CPU.Build.0 = Debug|Any CPU
		{8490C926-DD79-435D-A74F-B8F16595899C}.Release|Any CPU.ActiveCfg = Release|Any CPU
		{8490C926-DD79-435D-A74F-B8F16595899C}.Release|Any CPU.Build.0 = Release|Any CPU
		{6B76413E-F692-4467-8A42-F786854B87E5}.Debug|Any CPU.ActiveCfg = Debug|Any CPU
		{6B76413E-F692-4467-8A42-F786854B87E5}.Debug|Any CPU.Build.0 = Debug|Any CPU
		{6B76413E-F692-4467-8A42-F786854B87E5}.Release|Any CPU.ActiveCfg = Release|Any CPU
		{6B76413E-F692-4467-8A42-F786854B87E5}.Release|Any CPU.Build.0 = Release|Any CPU
		{4F71479C-C3A3-4C6F-9467-B9F90A01ED8C}.Debug|Any CPU.ActiveCfg = Debug|Any CPU
		{4F71479C-C3A3-4C6F-9467-B9F90A01ED8C}.Debug|Any CPU.Build.0 = Debug|Any CPU
		{4F71479C-C3A3-4C6F-9467-B9F90A01ED8C}.Release|Any CPU.ActiveCfg = Release|Any CPU
		{4F71479C-C3A3-4C6F-9467-B9F90A01ED8C}.Release|Any CPU.Build.0 = Release|Any CPU
		{F234F11E-7172-42C8-9B34-57442DB2C1D2}.Debug|Any CPU.ActiveCfg = Debug|Any CPU
		{F234F11E-7172-42C8-9B34-57442DB2C1D2}.Debug|Any CPU.Build.0 = Debug|Any CPU
		{F234F11E-7172-42C8-9B34-57442DB2C1D2}.Release|Any CPU.ActiveCfg = Release|Any CPU
		{F234F11E-7172-42C8-9B34-57442DB2C1D2}.Release|Any CPU.Build.0 = Release|Any CPU
	EndGlobalSection
	GlobalSection(SolutionProperties) = preSolution
		HideSolutionNode = FALSE
	EndGlobalSection
	GlobalSection(ExtensibilityGlobals) = postSolution
		SolutionGuid = {04177190-1985-409D-87CC-A3F4CD4E985C}
	EndGlobalSection
EndGlobal
